// !$*UTF8*$!
{
	archiveVersion = 1;
	classes = {
	};
	objectVersion = 55;
	objects = {

/* Begin PBXBuildFile section */
		1AC1BC6E287363BF001EA90F /* ResartApp.swift in Sources */ = {isa = PBXBuildFile; fileRef = 1AC1BC6D287363BF001EA90F /* ResartApp.swift */; };
		1AC1BC70287363BF001EA90F /* ContentView.swift in Sources */ = {isa = PBXBuildFile; fileRef = 1AC1BC6F287363BF001EA90F /* ContentView.swift */; };
		1AC1BC72287363C4001EA90F /* Assets.xcassets in Resources */ = {isa = PBXBuildFile; fileRef = 1AC1BC71287363C4001EA90F /* Assets.xcassets */; };
		1AC1BC75287363C4001EA90F /* Preview Assets.xcassets in Resources */ = {isa = PBXBuildFile; fileRef = 1AC1BC74287363C4001EA90F /* Preview Assets.xcassets */; };
		1AC1BC7F287363C5001EA90F /* ResartTests.swift in Sources */ = {isa = PBXBuildFile; fileRef = 1AC1BC7E287363C5001EA90F /* ResartTests.swift */; };
		1AC1BC89287363C5001EA90F /* ResartUITests.swift in Sources */ = {isa = PBXBuildFile; fileRef = 1AC1BC88287363C5001EA90F /* ResartUITests.swift */; };
		1AC1BC8B287363C5001EA90F /* ResartUITestsLaunchTests.swift in Sources */ = {isa = PBXBuildFile; fileRef = 1AC1BC8A287363C5001EA90F /* ResartUITestsLaunchTests.swift */; };
		1AC1BC9928736621001EA90F /* success.m4a in Resources */ = {isa = PBXBuildFile; fileRef = 1AC1BC9728736621001EA90F /* success.m4a */; };
		1AC1BC9A28736621001EA90F /* chimeup.mp3 in Resources */ = {isa = PBXBuildFile; fileRef = 1AC1BC9828736621001EA90F /* chimeup.mp3 */; };
		1AC1BCA2287369A9001EA90F /* OnboardingView.swift in Sources */ = {isa = PBXBuildFile; fileRef = 1AC1BCA1287369A9001EA90F /* OnboardingView.swift */; };
		1AC1BCA4287369CA001EA90F /* HomeView.swift in Sources */ = {isa = PBXBuildFile; fileRef = 1AC1BCA3287369CA001EA90F /* HomeView.swift */; };
/* End PBXBuildFile section */

/* Begin PBXContainerItemProxy section */
		1AC1BC7B287363C5001EA90F /* PBXContainerItemProxy */ = {
			isa = PBXContainerItemProxy;
			containerPortal = 1AC1BC62287363BF001EA90F /* Project object */;
			proxyType = 1;
			remoteGlobalIDString = 1AC1BC69287363BF001EA90F;
			remoteInfo = Resart;
		};
		1AC1BC85287363C5001EA90F /* PBXContainerItemProxy */ = {
			isa = PBXContainerItemProxy;
			containerPortal = 1AC1BC62287363BF001EA90F /* Project object */;
			proxyType = 1;
			remoteGlobalIDString = 1AC1BC69287363BF001EA90F;
			remoteInfo = Resart;
		};
/* End PBXContainerItemProxy section */

/* Begin PBXFileReference section */
		1AC1BC6A287363BF001EA90F /* Resart.app */ = {isa = PBXFileReference; explicitFileType = wrapper.application; includeInIndex = 0; path = Resart.app; sourceTree = BUILT_PRODUCTS_DIR; };
		1AC1BC6D287363BF001EA90F /* ResartApp.swift */ = {isa = PBXFileReference; lastKnownFileType = sourcecode.swift; path = ResartApp.swift; sourceTree = "<group>"; };
		1AC1BC6F287363BF001EA90F /* ContentView.swift */ = {isa = PBXFileReference; lastKnownFileType = sourcecode.swift; path = ContentView.swift; sourceTree = "<group>"; };
		1AC1BC71287363C4001EA90F /* Assets.xcassets */ = {isa = PBXFileReference; lastKnownFileType = folder.assetcatalog; path = Assets.xcassets; sourceTree = "<group>"; };
		1AC1BC74287363C4001EA90F /* Preview Assets.xcassets */ = {isa = PBXFileReference; lastKnownFileType = folder.assetcatalog; path = "Preview Assets.xcassets"; sourceTree = "<group>"; };
		1AC1BC7A287363C5001EA90F /* ResartTests.xctest */ = {isa = PBXFileReference; explicitFileType = wrapper.cfbundle; includeInIndex = 0; path = ResartTests.xctest; sourceTree = BUILT_PRODUCTS_DIR; };
		1AC1BC7E287363C5001EA90F /* ResartTests.swift */ = {isa = PBXFileReference; lastKnownFileType = sourcecode.swift; path = ResartTests.swift; sourceTree = "<group>"; };
		1AC1BC84287363C5001EA90F /* ResartUITests.xctest */ = {isa = PBXFileReference; explicitFileType = wrapper.cfbundle; includeInIndex = 0; path = ResartUITests.xctest; sourceTree = BUILT_PRODUCTS_DIR; };
		1AC1BC88287363C5001EA90F /* ResartUITests.swift */ = {isa = PBXFileReference; lastKnownFileType = sourcecode.swift; path = ResartUITests.swift; sourceTree = "<group>"; };
		1AC1BC8A287363C5001EA90F /* ResartUITestsLaunchTests.swift */ = {isa = PBXFileReference; lastKnownFileType = sourcecode.swift; path = ResartUITestsLaunchTests.swift; sourceTree = "<group>"; };
		1AC1BC9728736621001EA90F /* success.m4a */ = {isa = PBXFileReference; lastKnownFileType = file; path = success.m4a; sourceTree = "<group>"; };
		1AC1BC9828736621001EA90F /* chimeup.mp3 */ = {isa = PBXFileReference; lastKnownFileType = audio.mp3; path = chimeup.mp3; sourceTree = "<group>"; };
		1AC1BCA02873695A001EA90F /* Info.plist */ = {isa = PBXFileReference; lastKnownFileType = text.plist; path = Info.plist; sourceTree = "<group>"; };
		1AC1BCA1287369A9001EA90F /* OnboardingView.swift */ = {isa = PBXFileReference; lastKnownFileType = sourcecode.swift; path = OnboardingView.swift; sourceTree = "<group>"; };
		1AC1BCA3287369CA001EA90F /* HomeView.swift */ = {isa = PBXFileReference; lastKnownFileType = sourcecode.swift; path = HomeView.swift; sourceTree = "<group>"; };
/* End PBXFileReference section */

/* Begin PBXFrameworksBuildPhase section */
		1AC1BC67287363BF001EA90F /* Frameworks */ = {
			isa = PBXFrameworksBuildPhase;
			buildActionMask = 2147483647;
			files = (
			);
			runOnlyForDeploymentPostprocessing = 0;
		};
		1AC1BC77287363C5001EA90F /* Frameworks */ = {
			isa = PBXFrameworksBuildPhase;
			buildActionMask = 2147483647;
			files = (
			);
			runOnlyForDeploymentPostprocessing = 0;
		};
		1AC1BC81287363C5001EA90F /* Frameworks */ = {
			isa = PBXFrameworksBuildPhase;
			buildActionMask = 2147483647;
			files = (
			);
			runOnlyForDeploymentPostprocessing = 0;
		};
/* End PBXFrameworksBuildPhase section */

/* Begin PBXGroup section */
		1AC1BC61287363BF001EA90F = {
			isa = PBXGroup;
			children = (
				1AC1BC6C287363BF001EA90F /* Resart */,
				1AC1BC7D287363C5001EA90F /* ResartTests */,
				1AC1BC87287363C5001EA90F /* ResartUITests */,
				1AC1BC6B287363BF001EA90F /* Products */,
			);
			sourceTree = "<group>";
		};
		1AC1BC6B287363BF001EA90F /* Products */ = {
			isa = PBXGroup;
			children = (
				1AC1BC6A287363BF001EA90F /* Resart.app */,
				1AC1BC7A287363C5001EA90F /* ResartTests.xctest */,
				1AC1BC84287363C5001EA90F /* ResartUITests.xctest */,
			);
			name = Products;
			sourceTree = "<group>";
		};
		1AC1BC6C287363BF001EA90F /* Resart */ = {
			isa = PBXGroup;
			children = (
				1AC1BCA02873695A001EA90F /* Info.plist */,
				1AC1BC9F2873684A001EA90F /* Utilities */,
				1AC1BC9E28736841001EA90F /* Views */,
				1AC1BC9C28736642001EA90F /* Sounds */,
				1AC1BC6D287363BF001EA90F /* ResartApp.swift */,
				1AC1BC9D287367E0001EA90F /* Screens */,
				1AC1BC71287363C4001EA90F /* Assets.xcassets */,
				1AC1BC73287363C4001EA90F /* Preview Content */,
			);
			path = Resart;
			sourceTree = "<group>";
		};
		1AC1BC73287363C4001EA90F /* Preview Content */ = {
			isa = PBXGroup;
			children = (
				1AC1BC74287363C4001EA90F /* Preview Assets.xcassets */,
			);
			path = "Preview Content";
			sourceTree = "<group>";
		};
		1AC1BC7D287363C5001EA90F /* ResartTests */ = {
			isa = PBXGroup;
			children = (
				1AC1BC7E287363C5001EA90F /* ResartTests.swift */,
			);
			path = ResartTests;
			sourceTree = "<group>";
		};
		1AC1BC87287363C5001EA90F /* ResartUITests */ = {
			isa = PBXGroup;
			children = (
				1AC1BC88287363C5001EA90F /* ResartUITests.swift */,
				1AC1BC8A287363C5001EA90F /* ResartUITestsLaunchTests.swift */,
			);
			path = ResartUITests;
			sourceTree = "<group>";
		};
		1AC1BC9C28736642001EA90F /* Sounds */ = {
			isa = PBXGroup;
			children = (
				1AC1BC9828736621001EA90F /* chimeup.mp3 */,
				1AC1BC9728736621001EA90F /* success.m4a */,
			);
			path = Sounds;
			sourceTree = "<group>";
		};
		1AC1BC9D287367E0001EA90F /* Screens */ = {
			isa = PBXGroup;
			children = (
				1AC1BC6F287363BF001EA90F /* ContentView.swift */,
				1AC1BCA1287369A9001EA90F /* OnboardingView.swift */,
				1AC1BCA3287369CA001EA90F /* HomeView.swift */,
			);
			path = Screens;
			sourceTree = "<group>";
		};
		1AC1BC9E28736841001EA90F /* Views */ = {
			isa = PBXGroup;
			children = (
			);
			path = Views;
			sourceTree = "<group>";
		};
		1AC1BC9F2873684A001EA90F /* Utilities */ = {
			isa = PBXGroup;
			children = (
			);
			path = Utilities;
			sourceTree = "<group>";
		};
/* End PBXGroup section */

/* Begin PBXNativeTarget section */
		1AC1BC69287363BF001EA90F /* Resart */ = {
			isa = PBXNativeTarget;
			buildConfigurationList = 1AC1BC8E287363C5001EA90F /* Build configuration list for PBXNativeTarget "Resart" */;
			buildPhases = (
				1AC1BC66287363BF001EA90F /* Sources */,
				1AC1BC67287363BF001EA90F /* Frameworks */,
				1AC1BC68287363BF001EA90F /* Resources */,
			);
			buildRules = (
			);
			dependencies = (
			);
			name = Resart;
			productName = Resart;
			productReference = 1AC1BC6A287363BF001EA90F /* Resart.app */;
			productType = "com.apple.product-type.application";
		};
		1AC1BC79287363C5001EA90F /* ResartTests */ = {
			isa = PBXNativeTarget;
			buildConfigurationList = 1AC1BC91287363C5001EA90F /* Build configuration list for PBXNativeTarget "ResartTests" */;
			buildPhases = (
				1AC1BC76287363C5001EA90F /* Sources */,
				1AC1BC77287363C5001EA90F /* Frameworks */,
				1AC1BC78287363C5001EA90F /* Resources */,
			);
			buildRules = (
			);
			dependencies = (
				1AC1BC7C287363C5001EA90F /* PBXTargetDependency */,
			);
			name = ResartTests;
			productName = ResartTests;
			productReference = 1AC1BC7A287363C5001EA90F /* ResartTests.xctest */;
			productType = "com.apple.product-type.bundle.unit-test";
		};
		1AC1BC83287363C5001EA90F /* ResartUITests */ = {
			isa = PBXNativeTarget;
			buildConfigurationList = 1AC1BC94287363C5001EA90F /* Build configuration list for PBXNativeTarget "ResartUITests" */;
			buildPhases = (
				1AC1BC80287363C5001EA90F /* Sources */,
				1AC1BC81287363C5001EA90F /* Frameworks */,
				1AC1BC82287363C5001EA90F /* Resources */,
			);
			buildRules = (
			);
			dependencies = (
				1AC1BC86287363C5001EA90F /* PBXTargetDependency */,
			);
			name = ResartUITests;
			productName = ResartUITests;
			productReference = 1AC1BC84287363C5001EA90F /* ResartUITests.xctest */;
			productType = "com.apple.product-type.bundle.ui-testing";
		};
/* End PBXNativeTarget section */

/* Begin PBXProject section */
		1AC1BC62287363BF001EA90F /* Project object */ = {
			isa = PBXProject;
			attributes = {
				BuildIndependentTargetsInParallel = 1;
				LastSwiftUpdateCheck = 1340;
				LastUpgradeCheck = 1340;
				TargetAttributes = {
					1AC1BC69287363BF001EA90F = {
						CreatedOnToolsVersion = 13.4.1;
					};
					1AC1BC79287363C5001EA90F = {
						CreatedOnToolsVersion = 13.4.1;
						TestTargetID = 1AC1BC69287363BF001EA90F;
					};
					1AC1BC83287363C5001EA90F = {
						CreatedOnToolsVersion = 13.4.1;
						TestTargetID = 1AC1BC69287363BF001EA90F;
					};
				};
			};
			buildConfigurationList = 1AC1BC65287363BF001EA90F /* Build configuration list for PBXProject "Resart" */;
			compatibilityVersion = "Xcode 13.0";
			developmentRegion = en;
			hasScannedForEncodings = 0;
			knownRegions = (
				en,
				Base,
			);
			mainGroup = 1AC1BC61287363BF001EA90F;
			productRefGroup = 1AC1BC6B287363BF001EA90F /* Products */;
			projectDirPath = "";
			projectRoot = "";
			targets = (
				1AC1BC69287363BF001EA90F /* Resart */,
				1AC1BC79287363C5001EA90F /* ResartTests */,
				1AC1BC83287363C5001EA90F /* ResartUITests */,
			);
		};
/* End PBXProject section */

/* Begin PBXResourcesBuildPhase section */
		1AC1BC68287363BF001EA90F /* Resources */ = {
			isa = PBXResourcesBuildPhase;
			buildActionMask = 2147483647;
			files = (
				1AC1BC9A28736621001EA90F /* chimeup.mp3 in Resources */,
				1AC1BC75287363C4001EA90F /* Preview Assets.xcassets in Resources */,
				1AC1BC9928736621001EA90F /* success.m4a in Resources */,
				1AC1BC72287363C4001EA90F /* Assets.xcassets in Resources */,
			);
			runOnlyForDeploymentPostprocessing = 0;
		};
		1AC1BC78287363C5001EA90F /* Resources */ = {
			isa = PBXResourcesBuildPhase;
			buildActionMask = 2147483647;
			files = (
			);
			runOnlyForDeploymentPostprocessing = 0;
		};
		1AC1BC82287363C5001EA90F /* Resources */ = {
			isa = PBXResourcesBuildPhase;
			buildActionMask = 2147483647;
			files = (
			);
			runOnlyForDeploymentPostprocessing = 0;
		};
/* End PBXResourcesBuildPhase section */

/* Begin PBXSourcesBuildPhase section */
		1AC1BC66287363BF001EA90F /* Sources */ = {
			isa = PBXSourcesBuildPhase;
			buildActionMask = 2147483647;
			files = (
				1AC1BCA2287369A9001EA90F /* OnboardingView.swift in Sources */,
				1AC1BCA4287369CA001EA90F /* HomeView.swift in Sources */,
				1AC1BC70287363BF001EA90F /* ContentView.swift in Sources */,
				1AC1BC6E287363BF001EA90F /* ResartApp.swift in Sources */,
			);
			runOnlyForDeploymentPostprocessing = 0;
		};
		1AC1BC76287363C5001EA90F /* Sources */ = {
			isa = PBXSourcesBuildPhase;
			buildActionMask = 2147483647;
			files = (
				1AC1BC7F287363C5001EA90F /* ResartTests.swift in Sources */,
			);
			runOnlyForDeploymentPostprocessing = 0;
		};
		1AC1BC80287363C5001EA90F /* Sources */ = {
			isa = PBXSourcesBuildPhase;
			buildActionMask = 2147483647;
			files = (
				1AC1BC89287363C5001EA90F /* ResartUITests.swift in Sources */,
				1AC1BC8B287363C5001EA90F /* ResartUITestsLaunchTests.swift in Sources */,
			);
			runOnlyForDeploymentPostprocessing = 0;
		};
/* End PBXSourcesBuildPhase section */

/* Begin PBXTargetDependency section */
		1AC1BC7C287363C5001EA90F /* PBXTargetDependency */ = {
			isa = PBXTargetDependency;
			target = 1AC1BC69287363BF001EA90F /* Resart */;
			targetProxy = 1AC1BC7B287363C5001EA90F /* PBXContainerItemProxy */;
		};
		1AC1BC86287363C5001EA90F /* PBXTargetDependency */ = {
			isa = PBXTargetDependency;
			target = 1AC1BC69287363BF001EA90F /* Resart */;
			targetProxy = 1AC1BC85287363C5001EA90F /* PBXContainerItemProxy */;
		};
/* End PBXTargetDependency section */

/* Begin XCBuildConfiguration section */
		1AC1BC8C287363C5001EA90F /* Debug */ = {
			isa = XCBuildConfiguration;
			buildSettings = {
				ALWAYS_SEARCH_USER_PATHS = NO;
				CLANG_ANALYZER_NONNULL = YES;
				CLANG_ANALYZER_NUMBER_OBJECT_CONVERSION = YES_AGGRESSIVE;
				CLANG_CXX_LANGUAGE_STANDARD = "gnu++17";
				CLANG_ENABLE_MODULES = YES;
				CLANG_ENABLE_OBJC_ARC = YES;
				CLANG_ENABLE_OBJC_WEAK = YES;
				CLANG_WARN_BLOCK_CAPTURE_AUTORELEASING = YES;
				CLANG_WARN_BOOL_CONVERSION = YES;
				CLANG_WARN_COMMA = YES;
				CLANG_WARN_CONSTANT_CONVERSION = YES;
				CLANG_WARN_DEPRECATED_OBJC_IMPLEMENTATIONS = YES;
				CLANG_WARN_DIRECT_OBJC_ISA_USAGE = YES_ERROR;
				CLANG_WARN_DOCUMENTATION_COMMENTS = YES;
				CLANG_WARN_EMPTY_BODY = YES;
				CLANG_WARN_ENUM_CONVERSION = YES;
				CLANG_WARN_INFINITE_RECURSION = YES;
				CLANG_WARN_INT_CONVERSION = YES;
				CLANG_WARN_NON_LITERAL_NULL_CONVERSION = YES;
				CLANG_WARN_OBJC_IMPLICIT_RETAIN_SELF = YES;
				CLANG_WARN_OBJC_LITERAL_CONVERSION = YES;
				CLANG_WARN_OBJC_ROOT_CLASS = YES_ERROR;
				CLANG_WARN_QUOTED_INCLUDE_IN_FRAMEWORK_HEADER = YES;
				CLANG_WARN_RANGE_LOOP_ANALYSIS = YES;
				CLANG_WARN_STRICT_PROTOTYPES = YES;
				CLANG_WARN_SUSPICIOUS_MOVE = YES;
				CLANG_WARN_UNGUARDED_AVAILABILITY = YES_AGGRESSIVE;
				CLANG_WARN_UNREACHABLE_CODE = YES;
				CLANG_WARN__DUPLICATE_METHOD_MATCH = YES;
				COPY_PHASE_STRIP = NO;
				DEBUG_INFORMATION_FORMAT = dwarf;
				ENABLE_STRICT_OBJC_MSGSEND = YES;
				ENABLE_TESTABILITY = YES;
				GCC_C_LANGUAGE_STANDARD = gnu11;
				GCC_DYNAMIC_NO_PIC = NO;
				GCC_NO_COMMON_BLOCKS = YES;
				GCC_OPTIMIZATION_LEVEL = 0;
				GCC_PREPROCESSOR_DEFINITIONS = (
					"DEBUG=1",
					"$(inherited)",
				);
				GCC_WARN_64_TO_32_BIT_CONVERSION = YES;
				GCC_WARN_ABOUT_RETURN_TYPE = YES_ERROR;
				GCC_WARN_UNDECLARED_SELECTOR = YES;
				GCC_WARN_UNINITIALIZED_AUTOS = YES_AGGRESSIVE;
				GCC_WARN_UNUSED_FUNCTION = YES;
				GCC_WARN_UNUSED_VARIABLE = YES;
				IPHONEOS_DEPLOYMENT_TARGET = 15.5;
				MTL_ENABLE_DEBUG_INFO = INCLUDE_SOURCE;
				MTL_FAST_MATH = YES;
				ONLY_ACTIVE_ARCH = YES;
				SDKROOT = iphoneos;
				SWIFT_ACTIVE_COMPILATION_CONDITIONS = DEBUG;
				SWIFT_OPTIMIZATION_LEVEL = "-Onone";
			};
			name = Debug;
		};
		1AC1BC8D287363C5001EA90F /* Release */ = {
			isa = XCBuildConfiguration;
			buildSettings = {
				ALWAYS_SEARCH_USER_PATHS = NO;
				CLANG_ANALYZER_NONNULL = YES;
				CLANG_ANALYZER_NUMBER_OBJECT_CONVERSION = YES_AGGRESSIVE;
				CLANG_CXX_LANGUAGE_STANDARD = "gnu++17";
				CLANG_ENABLE_MODULES = YES;
				CLANG_ENABLE_OBJC_ARC = YES;
				CLANG_ENABLE_OBJC_WEAK = YES;
				CLANG_WARN_BLOCK_CAPTURE_AUTORELEASING = YES;
				CLANG_WARN_BOOL_CONVERSION = YES;
				CLANG_WARN_COMMA = YES;
				CLANG_WARN_CONSTANT_CONVERSION = YES;
				CLANG_WARN_DEPRECATED_OBJC_IMPLEMENTATIONS = YES;
				CLANG_WARN_DIRECT_OBJC_ISA_USAGE = YES_ERROR;
				CLANG_WARN_DOCUMENTATION_COMMENTS = YES;
				CLANG_WARN_EMPTY_BODY = YES;
				CLANG_WARN_ENUM_CONVERSION = YES;
				CLANG_WARN_INFINITE_RECURSION = YES;
				CLANG_WARN_INT_CONVERSION = YES;
				CLANG_WARN_NON_LITERAL_NULL_CONVERSION = YES;
				CLANG_WARN_OBJC_IMPLICIT_RETAIN_SELF = YES;
				CLANG_WARN_OBJC_LITERAL_CONVERSION = YES;
				CLANG_WARN_OBJC_ROOT_CLASS = YES_ERROR;
				CLANG_WARN_QUOTED_INCLUDE_IN_FRAMEWORK_HEADER = YES;
				CLANG_WARN_RANGE_LOOP_ANALYSIS = YES;
				CLANG_WARN_STRICT_PROTOTYPES = YES;
				CLANG_WARN_SUSPICIOUS_MOVE = YES;
				CLANG_WARN_UNGUARDED_AVAILABILITY = YES_AGGRESSIVE;
				CLANG_WARN_UNREACHABLE_CODE = YES;
				CLANG_WARN__DUPLICATE_METHOD_MATCH = YES;
				COPY_PHASE_STRIP = NO;
				DEBUG_INFORMATION_FORMAT = "dwarf-with-dsym";
				ENABLE_NS_ASSERTIONS = NO;
				ENABLE_STRICT_OBJC_MSGSEND = YES;
				GCC_C_LANGUAGE_STANDARD = gnu11;
				GCC_NO_COMMON_BLOCKS = YES;
				GCC_WARN_64_TO_32_BIT_CONVERSION = YES;
				GCC_WARN_ABOUT_RETURN_TYPE = YES_ERROR;
				GCC_WARN_UNDECLARED_SELECTOR = YES;
				GCC_WARN_UNINITIALIZED_AUTOS = YES_AGGRESSIVE;
				GCC_WARN_UNUSED_FUNCTION = YES;
				GCC_WARN_UNUSED_VARIABLE = YES;
				IPHONEOS_DEPLOYMENT_TARGET = 15.5;
				MTL_ENABLE_DEBUG_INFO = NO;
				MTL_FAST_MATH = YES;
				SDKROOT = iphoneos;
				SWIFT_COMPILATION_MODE = wholemodule;
				SWIFT_OPTIMIZATION_LEVEL = "-O";
				VALIDATE_PRODUCT = YES;
			};
			name = Release;
		};
		1AC1BC8F287363C5001EA90F /* Debug */ = {
			isa = XCBuildConfiguration;
			buildSettings = {
				ASSETCATALOG_COMPILER_APPICON_NAME = AppIcon;
				ASSETCATALOG_COMPILER_GLOBAL_ACCENT_COLOR_NAME = AccentColor;
				CODE_SIGN_STYLE = Automatic;
				CURRENT_PROJECT_VERSION = 1;
				DEVELOPMENT_ASSET_PATHS = "\"Resart/Preview Content\"";
				ENABLE_PREVIEWS = YES;
				GENERATE_INFOPLIST_FILE = YES;
				INFOPLIST_FILE = Resart/Info.plist;
				INFOPLIST_KEY_UIApplicationSceneManifest_Generation = YES;
				INFOPLIST_KEY_UIApplicationSupportsIndirectInputEvents = YES;
				INFOPLIST_KEY_UISupportedInterfaceOrientations = UIInterfaceOrientationPortrait;
				INFOPLIST_KEY_UISupportedInterfaceOrientations_iPad = "UIInterfaceOrientationPortrait UIInterfaceOrientationPortraitUpsideDown UIInterfaceOrientationLandscapeLeft UIInterfaceOrientationLandscapeRight";
				INFOPLIST_KEY_UISupportedInterfaceOrientations_iPhone = UIInterfaceOrientationPortrait;
				LD_RUNPATH_SEARCH_PATHS = (
					"$(inherited)",
					"@executable_path/Frameworks",
				);
				MARKETING_VERSION = 1.0;
				PRODUCT_BUNDLE_IDENTIFIER = JersyFernandes.Resart;
				PRODUCT_NAME = "$(TARGET_NAME)";
				SWIFT_EMIT_LOC_STRINGS = YES;
				SWIFT_VERSION = 5.0;
				TARGETED_DEVICE_FAMILY = "1,2";
			};
			name = Debug;
		};
		1AC1BC90287363C5001EA90F /* Release */ = {
			isa = XCBuildConfiguration;
			buildSettings = {
				ASSETCATALOG_COMPILER_APPICON_NAME = AppIcon;
				ASSETCATALOG_COMPILER_GLOBAL_ACCENT_COLOR_NAME = AccentColor;
				CODE_SIGN_STYLE = Automatic;
				CURRENT_PROJECT_VERSION = 1;
				DEVELOPMENT_ASSET_PATHS = "\"Resart/Preview Content\"";
				ENABLE_PREVIEWS = YES;
				GENERATE_INFOPLIST_FILE = YES;
				INFOPLIST_FILE = Resart/Info.plist;
				INFOPLIST_KEY_UIApplicationSceneManifest_Generation = YES;
				INFOPLIST_KEY_UIApplicationSupportsIndirectInputEvents = YES;
				INFOPLIST_KEY_UISupportedInterfaceOrientations = UIInterfaceOrientationPortrait;
				INFOPLIST_KEY_UISupportedInterfaceOrientations_iPad = "UIInterfaceOrientationPortrait UIInterfaceOrientationPortraitUpsideDown UIInterfaceOrientationLandscapeLeft UIInterfaceOrientationLandscapeRight";
				INFOPLIST_KEY_UISupportedInterfaceOrientations_iPhone = UIInterfaceOrientationPortrait;
				LD_RUNPATH_SEARCH_PATHS = (
					"$(inherited)",
					"@executable_path/Frameworks",
				);
				MARKETING_VERSION = 1.0;
				PRODUCT_BUNDLE_IDENTIFIER = JersyFernandes.Resart;
				PRODUCT_NAME = "$(TARGET_NAME)";
				SWIFT_EMIT_LOC_STRINGS = YES;
				SWIFT_VERSION = 5.0;
				TARGETED_DEVICE_FAMILY = "1,2";
			};
			name = Release;
		};
		1AC1BC92287363C5001EA90F /* Debug */ = {
			isa = XCBuildConfiguration;
			buildSettings = {
				ALWAYS_EMBED_SWIFT_STANDARD_LIBRARIES = YES;
				BUNDLE_LOADER = "$(TEST_HOST)";
				CODE_SIGN_STYLE = Automatic;
				CURRENT_PROJECT_VERSION = 1;
				GENERATE_INFOPLIST_FILE = YES;
				IPHONEOS_DEPLOYMENT_TARGET = 15.5;
				MARKETING_VERSION = 1.0;
				PRODUCT_BUNDLE_IDENTIFIER = JersyFernandes.ResartTests;
				PRODUCT_NAME = "$(TARGET_NAME)";
				SWIFT_EMIT_LOC_STRINGS = NO;
				SWIFT_VERSION = 5.0;
				TARGETED_DEVICE_FAMILY = "1,2";
				TEST_HOST = "$(BUILT_PRODUCTS_DIR)/Resart.app/Resart";
			};
			name = Debug;
		};
		1AC1BC93287363C5001EA90F /* Release */ = {
			isa = XCBuildConfiguration;
			buildSettings = {
				ALWAYS_EMBED_SWIFT_STANDARD_LIBRARIES = YES;
				BUNDLE_LOADER = "$(TEST_HOST)";
				CODE_SIGN_STYLE = Automatic;
				CURRENT_PROJECT_VERSION = 1;
				GENERATE_INFOPLIST_FILE = YES;
				IPHONEOS_DEPLOYMENT_TARGET = 15.5;
				MARKETING_VERSION = 1.0;
				PRODUCT_BUNDLE_IDENTIFIER = JersyFernandes.ResartTests;
				PRODUCT_NAME = "$(TARGET_NAME)";
				SWIFT_EMIT_LOC_STRINGS = NO;
				SWIFT_VERSION = 5.0;
				TARGETED_DEVICE_FAMILY = "1,2";
				TEST_HOST = "$(BUILT_PRODUCTS_DIR)/Resart.app/Resart";
			};
			name = Release;
		};
		1AC1BC95287363C5001EA90F /* Debug */ = {
			isa = XCBuildConfiguration;
			buildSettings = {
				ALWAYS_EMBED_SWIFT_STANDARD_LIBRARIES = YES;
				CODE_SIGN_STYLE = Automatic;
				CURRENT_PROJECT_VERSION = 1;
				GENERATE_INFOPLIST_FILE = YES;
				MARKETING_VERSION = 1.0;
				PRODUCT_BUNDLE_IDENTIFIER = JersyFernandes.ResartUITests;
				PRODUCT_NAME = "$(TARGET_NAME)";
				SWIFT_EMIT_LOC_STRINGS = NO;
				SWIFT_VERSION = 5.0;
				TARGETED_DEVICE_FAMILY = "1,2";
				TEST_TARGET_NAME = Resart;
			};
			name = Debug;
		};
		1AC1BC96287363C5001EA90F /* Release */ = {
			isa = XCBuildConfiguration;
			buildSettings = {
				ALWAYS_EMBED_SWIFT_STANDARD_LIBRARIES = YES;
				CODE_SIGN_STYLE = Automatic;
				CURRENT_PROJECT_VERSION = 1;
				GENERATE_INFOPLIST_FILE = YES;
				MARKETING_VERSION = 1.0;
				PRODUCT_BUNDLE_IDENTIFIER = JersyFernandes.ResartUITests;
				PRODUCT_NAME = "$(TARGET_NAME)";
				SWIFT_EMIT_LOC_STRINGS = NO;
				SWIFT_VERSION = 5.0;
				TARGETED_DEVICE_FAMILY = "1,2";
				TEST_TARGET_NAME = Resart;
			};
			name = Release;
		};
/* End XCBuildConfiguration section */

/* Begin XCConfigurationList section */
		1AC1BC65287363BF001EA90F /* Build configuration list for PBXProject "Resart" */ = {
			isa = XCConfigurationList;
			buildConfigurations = (
				1AC1BC8C287363C5001EA90F /* Debug */,
				1AC1BC8D287363C5001EA90F /* Release */,
			);
			defaultConfigurationIsVisible = 0;
			defaultConfigurationName = Release;
		};
		1AC1BC8E287363C5001EA90F /* Build configuration list for PBXNativeTarget "Resart" */ = {
			isa = XCConfigurationList;
			buildConfigurations = (
				1AC1BC8F287363C5001EA90F /* Debug */,
				1AC1BC90287363C5001EA90F /* Release */,
			);
			defaultConfigurationIsVisible = 0;
			defaultConfigurationName = Release;
		};
		1AC1BC91287363C5001EA90F /* Build configuration list for PBXNativeTarget "ResartTests" */ = {
			isa = XCConfigurationList;
			buildConfigurations = (
				1AC1BC92287363C5001EA90F /* Debug */,
				1AC1BC93287363C5001EA90F /* Release */,
			);
			defaultConfigurationIsVisible = 0;
			defaultConfigurationName = Release;
		};
		1AC1BC94287363C5001EA90F /* Build configuration list for PBXNativeTarget "ResartUITests" */ = {
			isa = XCConfigurationList;
			buildConfigurations = (
				1AC1BC95287363C5001EA90F /* Debug */,
				1AC1BC96287363C5001EA90F /* Release */,
			);
			defaultConfigurationIsVisible = 0;
			defaultConfigurationName = Release;
		};
/* End XCConfigurationList section */
	};
	rootObject = 1AC1BC62287363BF001EA90F /* Project object */;
}
